
Microsoft Visual Studio Solution File, Format Version 12.00
# Visual Studio Version 17
VisualStudioVersion = 17.12.35527.113
MinimumVisualStudioVersion = 10.0.40219.1
Project("{2150E333-8FDC-42A3-9474-1A3956D46DE8}") = "Services", "Services", "{E8E21723-EBED-436E-88A9-9F3E00B826A4}"
EndProject
Project("{2150E333-8FDC-42A3-9474-1A3956D46DE8}") = "Catalog", "Catalog", "{BCE86D87-A8D2-4CA6-8B8D-0C39581CDA1E}"
EndProject
Project("{FAE04EC0-301F-11D3-BF4B-00C04F79EFBC}") = "Catalog.API", "Services\Catalog\Catalog.API\Catalog.API.csproj", "{7757EB6E-048E-4290-9256-5A628B44A606}"
EndProject
Project("{2150E333-8FDC-42A3-9474-1A3956D46DE8}") = "Building Blocks", "Building Blocks", "{1E8AD8EF-ED5C-4BF3-8C76-1459B3EBE30B}"
EndProject
Project("{FAE04EC0-301F-11D3-BF4B-00C04F79EFBC}") = "BuildingBlocks", "Building Blocks\BuildingBlocks\BuildingBlocks.csproj", "{13C8AAC5-4ECB-4177-AA5D-2368262D9B8B}"
EndProject
Project("{E53339B2-1760-4266-BCC7-CA923CBCF16C}") = "docker-compose", "docker-compose.dcproj", "{2707F05D-3041-4460-9499-6D075FD52D47}"
EndProject
Project("{2150E333-8FDC-42A3-9474-1A3956D46DE8}") = "Basket", "Basket", "{1E8ADA5C-AF82-48AE-B35B-4A8585250CF0}"
EndProject
Project("{FAE04EC0-301F-11D3-BF4B-00C04F79EFBC}") = "Basket.API", "Services\Basket\Basket.API\Basket.API.csproj", "{E9BC639C-8347-4E84-9D32-27E1E8D47136}"
EndProject
Project("{2150E333-8FDC-42A3-9474-1A3956D46DE8}") = "Discount", "Discount", "{2A2082CF-029C-43AC-83D4-891687FA629E}"
EndProject
Project("{FAE04EC0-301F-11D3-BF4B-00C04F79EFBC}") = "Discount.Grpc", "Services\Discount\Discount.Grpc\Discount.Grpc.csproj", "{A022D7CD-E262-4A90-9D10-86D1E61724C3}"
EndProject
Global
	GlobalSection(SolutionConfigurationPlatforms) = preSolution
		Debug|Any CPU = Debug|Any CPU
		Release|Any CPU = Release|Any CPU
	EndGlobalSection
	GlobalSection(ProjectConfigurationPlatforms) = postSolution
		{7757EB6E-048E-4290-9256-5A628B44A606}.Debug|Any CPU.ActiveCfg = Debug|Any CPU
		{7757EB6E-048E-4290-9256-5A628B44A606}.Debug|Any CPU.Build.0 = Debug|Any CPU
		{7757EB6E-048E-4290-9256-5A628B44A606}.Release|Any CPU.ActiveCfg = Release|Any CPU
		{7757EB6E-048E-4290-9256-5A628B44A606}.Release|Any CPU.Build.0 = Release|Any CPU
		{13C8AAC5-4ECB-4177-AA5D-2368262D9B8B}.Debug|Any CPU.ActiveCfg = Debug|Any CPU
		{13C8AAC5-4ECB-4177-AA5D-2368262D9B8B}.Debug|Any CPU.Build.0 = Debug|Any CPU
		{13C8AAC5-4ECB-4177-AA5D-2368262D9B8B}.Release|Any CPU.ActiveCfg = Release|Any CPU
		{13C8AAC5-4ECB-4177-AA5D-2368262D9B8B}.Release|Any CPU.Build.0 = Release|Any CPU
		{2707F05D-3041-4460-9499-6D075FD52D47}.Debug|Any CPU.ActiveCfg = Debug|Any CPU
		{2707F05D-3041-4460-9499-6D075FD52D47}.Debug|Any CPU.Build.0 = Debug|Any CPU
		{2707F05D-3041-4460-9499-6D075FD52D47}.Release|Any CPU.ActiveCfg = Release|Any CPU
		{2707F05D-3041-4460-9499-6D075FD52D47}.Release|Any CPU.Build.0 = Release|Any CPU
		{E9BC639C-8347-4E84-9D32-27E1E8D47136}.Debug|Any CPU.ActiveCfg = Debug|Any CPU
		{E9BC639C-8347-4E84-9D32-27E1E8D47136}.Debug|Any CPU.Build.0 = Debug|Any CPU
		{E9BC639C-8347-4E84-9D32-27E1E8D47136}.Release|Any CPU.ActiveCfg = Release|Any CPU
		{E9BC639C-8347-4E84-9D32-27E1E8D47136}.Release|Any CPU.Build.0 = Release|Any CPU
		{A022D7CD-E262-4A90-9D10-86D1E61724C3}.Debug|Any CPU.ActiveCfg = Debug|Any CPU
		{A022D7CD-E262-4A90-9D10-86D1E61724C3}.Debug|Any CPU.Build.0 = Debug|Any CPU
		{A022D7CD-E262-4A90-9D10-86D1E61724C3}.Release|Any CPU.ActiveCfg = Release|Any CPU
		{A022D7CD-E262-4A90-9D10-86D1E61724C3}.Release|Any CPU.Build.0 = Release|Any CPU
	EndGlobalSection
	GlobalSection(SolutionProperties) = preSolution
		HideSolutionNode = FALSE
	EndGlobalSection
	GlobalSection(NestedProjects) = preSolution
		{BCE86D87-A8D2-4CA6-8B8D-0C39581CDA1E} = {E8E21723-EBED-436E-88A9-9F3E00B826A4}
		{7757EB6E-048E-4290-9256-5A628B44A606} = {BCE86D87-A8D2-4CA6-8B8D-0C39581CDA1E}
		{13C8AAC5-4ECB-4177-AA5D-2368262D9B8B} = {1E8AD8EF-ED5C-4BF3-8C76-1459B3EBE30B}
		{1E8ADA5C-AF82-48AE-B35B-4A8585250CF0} = {E8E21723-EBED-436E-88A9-9F3E00B826A4}
		{E9BC639C-8347-4E84-9D32-27E1E8D47136} = {1E8ADA5C-AF82-48AE-B35B-4A8585250CF0}
		{2A2082CF-029C-43AC-83D4-891687FA629E} = {E8E21723-EBED-436E-88A9-9F3E00B826A4}
		{A022D7CD-E262-4A90-9D10-86D1E61724C3} = {2A2082CF-029C-43AC-83D4-891687FA629E}
	EndGlobalSection
EndGlobal
