
Microsoft Visual Studio Solution File, Format Version 12.00
# Visual Studio Version 17
VisualStudioVersion = 17.12.35527.113
MinimumVisualStudioVersion = 10.0.40219.1
Project("{2150E333-8FDC-42A3-9474-1A3956D46DE8}") = "Services", "Services", "{E8E21723-EBED-436E-88A9-9F3E00B826A4}"
EndProject
Project("{2150E333-8FDC-42A3-9474-1A3956D46DE8}") = "Catalog", "Catalog", "{BCE86D87-A8D2-4CA6-8B8D-0C39581CDA1E}"
EndProject
Project("{FAE04EC0-301F-11D3-BF4B-00C04F79EFBC}") = "Catalog.API", "Services\Catalog\Catalog.API\Catalog.API.csproj", "{7757EB6E-048E-4290-9256-5A628B44A606}"
EndProject
Project("{2150E333-8FDC-42A3-9474-1A3956D46DE8}") = "Building Blocks", "Building Blocks", "{1E8AD8EF-ED5C-4BF3-8C76-1459B3EBE30B}"
EndProject
Project("{FAE04EC0-301F-11D3-BF4B-00C04F79EFBC}") = "BuildingBlocks", "Building Blocks\BuildingBlocks\BuildingBlocks.csproj", "{13C8AAC5-4ECB-4177-AA5D-2368262D9B8B}"
EndProject
Project("{E53339B2-1760-4266-BCC7-CA923CBCF16C}") = "docker-compose", "docker-compose.dcproj", "{2707F05D-3041-4460-9499-6D075FD52D47}"
EndProject
Project("{2150E333-8FDC-42A3-9474-1A3956D46DE8}") = "Basket", "Basket", "{1E8ADA5C-AF82-48AE-B35B-4A8585250CF0}"
EndProject
Project("{FAE04EC0-301F-11D3-BF4B-00C04F79EFBC}") = "Basket.API", "Services\Basket\Basket.API\Basket.API.csproj", "{E9BC639C-8347-4E84-9D32-27E1E8D47136}"
EndProject
Project("{2150E333-8FDC-42A3-9474-1A3956D46DE8}") = "Discount", "Discount", "{2A2082CF-029C-43AC-83D4-891687FA629E}"
EndProject
Project("{FAE04EC0-301F-11D3-BF4B-00C04F79EFBC}") = "Discount.Grpc", "Services\Discount\Discount.Grpc\Discount.Grpc.csproj", "{A022D7CD-E262-4A90-9D10-86D1E61724C3}"
EndProject
Project("{2150E333-8FDC-42A3-9474-1A3956D46DE8}") = "Ordering", "Ordering", "{6E429983-6894-4B5B-8514-EABB656C0F53}"
EndProject
Project("{FAE04EC0-301F-11D3-BF4B-00C04F79EFBC}") = "Ordering.API", "Services\Ordering\Ordering.API\Ordering.API.csproj", "{7D162F0F-C319-4DE0-B07A-5218285FDAA2}"
EndProject
Project("{FAE04EC0-301F-11D3-BF4B-00C04F79EFBC}") = "Ordering.Domain", "Services\Ordering\Domain\Ordering.Domain.csproj", "{1895E870-0125-41A7-B7E2-149E177104D9}"
EndProject
Project("{FAE04EC0-301F-11D3-BF4B-00C04F79EFBC}") = "Ordering.Application", "Services\Ordering\Application\Ordering.Application.csproj", "{EC328610-5DF6-47E9-8A13-A9CF90F5F514}"
EndProject
Project("{FAE04EC0-301F-11D3-BF4B-00C04F79EFBC}") = "Ordering.Infrastructure", "Services\Ordering\Infrastructure\Ordering.Infrastructure.csproj", "{FAA34F8A-707B-4225-A53D-BD6BF9A3A43D}"
EndProject
Project("{FAE04EC0-301F-11D3-BF4B-00C04F79EFBC}") = "BuildingBlocks.Messaging", "Building Blocks\BuildingBlocks.Messaging\BuildingBlocks.Messaging.csproj", "{372E5618-A997-42E6-85AB-6002A5687A6D}"
EndProject
Project("{2150E333-8FDC-42A3-9474-1A3956D46DE8}") = "ApiGateways", "ApiGateways", "{45341B7D-7CB0-4D67-A837-D13C4929C3BC}"
EndProject
Project("{FAE04EC0-301F-11D3-BF4B-00C04F79EFBC}") = "YarpApiGateway", "ApiGateways\YarpApiGateway\YarpApiGateway.csproj", "{8F94E148-95B7-4E4A-87BA-8820358F5C32}"
EndProject
Global
	GlobalSection(SolutionConfigurationPlatforms) = preSolution
		Debug|Any CPU = Debug|Any CPU
		Release|Any CPU = Release|Any CPU
	EndGlobalSection
	GlobalSection(ProjectConfigurationPlatforms) = postSolution
		{7757EB6E-048E-4290-9256-5A628B44A606}.Debug|Any CPU.ActiveCfg = Debug|Any CPU
		{7757EB6E-048E-4290-9256-5A628B44A606}.Debug|Any CPU.Build.0 = Debug|Any CPU
		{7757EB6E-048E-4290-9256-5A628B44A606}.Release|Any CPU.ActiveCfg = Release|Any CPU
		{7757EB6E-048E-4290-9256-5A628B44A606}.Release|Any CPU.Build.0 = Release|Any CPU
		{13C8AAC5-4ECB-4177-AA5D-2368262D9B8B}.Debug|Any CPU.ActiveCfg = Debug|Any CPU
		{13C8AAC5-4ECB-4177-AA5D-2368262D9B8B}.Debug|Any CPU.Build.0 = Debug|Any CPU
		{13C8AAC5-4ECB-4177-AA5D-2368262D9B8B}.Release|Any CPU.ActiveCfg = Release|Any CPU
		{13C8AAC5-4ECB-4177-AA5D-2368262D9B8B}.Release|Any CPU.Build.0 = Release|Any CPU
		{2707F05D-3041-4460-9499-6D075FD52D47}.Debug|Any CPU.ActiveCfg = Debug|Any CPU
		{2707F05D-3041-4460-9499-6D075FD52D47}.Debug|Any CPU.Build.0 = Debug|Any CPU
		{2707F05D-3041-4460-9499-6D075FD52D47}.Release|Any CPU.ActiveCfg = Release|Any CPU
		{2707F05D-3041-4460-9499-6D075FD52D47}.Release|Any CPU.Build.0 = Release|Any CPU
		{E9BC639C-8347-4E84-9D32-27E1E8D47136}.Debug|Any CPU.ActiveCfg = Debug|Any CPU
		{E9BC639C-8347-4E84-9D32-27E1E8D47136}.Debug|Any CPU.Build.0 = Debug|Any CPU
		{E9BC639C-8347-4E84-9D32-27E1E8D47136}.Release|Any CPU.ActiveCfg = Release|Any CPU
		{E9BC639C-8347-4E84-9D32-27E1E8D47136}.Release|Any CPU.Build.0 = Release|Any CPU
		{A022D7CD-E262-4A90-9D10-86D1E61724C3}.Debug|Any CPU.ActiveCfg = Debug|Any CPU
		{A022D7CD-E262-4A90-9D10-86D1E61724C3}.Debug|Any CPU.Build.0 = Debug|Any CPU
		{A022D7CD-E262-4A90-9D10-86D1E61724C3}.Release|Any CPU.ActiveCfg = Release|Any CPU
		{A022D7CD-E262-4A90-9D10-86D1E61724C3}.Release|Any CPU.Build.0 = Release|Any CPU
		{7D162F0F-C319-4DE0-B07A-5218285FDAA2}.Debug|Any CPU.ActiveCfg = Debug|Any CPU
		{7D162F0F-C319-4DE0-B07A-5218285FDAA2}.Debug|Any CPU.Build.0 = Debug|Any CPU
		{7D162F0F-C319-4DE0-B07A-5218285FDAA2}.Release|Any CPU.ActiveCfg = Release|Any CPU
		{7D162F0F-C319-4DE0-B07A-5218285FDAA2}.Release|Any CPU.Build.0 = Release|Any CPU
		{1895E870-0125-41A7-B7E2-149E177104D9}.Debug|Any CPU.ActiveCfg = Debug|Any CPU
		{1895E870-0125-41A7-B7E2-149E177104D9}.Debug|Any CPU.Build.0 = Debug|Any CPU
		{1895E870-0125-41A7-B7E2-149E177104D9}.Release|Any CPU.ActiveCfg = Release|Any CPU
		{1895E870-0125-41A7-B7E2-149E177104D9}.Release|Any CPU.Build.0 = Release|Any CPU
		{EC328610-5DF6-47E9-8A13-A9CF90F5F514}.Debug|Any CPU.ActiveCfg = Debug|Any CPU
		{EC328610-5DF6-47E9-8A13-A9CF90F5F514}.Debug|Any CPU.Build.0 = Debug|Any CPU
		{EC328610-5DF6-47E9-8A13-A9CF90F5F514}.Release|Any CPU.ActiveCfg = Release|Any CPU
		{EC328610-5DF6-47E9-8A13-A9CF90F5F514}.Release|Any CPU.Build.0 = Release|Any CPU
		{FAA34F8A-707B-4225-A53D-BD6BF9A3A43D}.Debug|Any CPU.ActiveCfg = Debug|Any CPU
		{FAA34F8A-707B-4225-A53D-BD6BF9A3A43D}.Debug|Any CPU.Build.0 = Debug|Any CPU
		{FAA34F8A-707B-4225-A53D-BD6BF9A3A43D}.Release|Any CPU.ActiveCfg = Release|Any CPU
		{FAA34F8A-707B-4225-A53D-BD6BF9A3A43D}.Release|Any CPU.Build.0 = Release|Any CPU
		{372E5618-A997-42E6-85AB-6002A5687A6D}.Debug|Any CPU.ActiveCfg = Debug|Any CPU
		{372E5618-A997-42E6-85AB-6002A5687A6D}.Debug|Any CPU.Build.0 = Debug|Any CPU
		{372E5618-A997-42E6-85AB-6002A5687A6D}.Release|Any CPU.ActiveCfg = Release|Any CPU
		{372E5618-A997-42E6-85AB-6002A5687A6D}.Release|Any CPU.Build.0 = Release|Any CPU
		{8F94E148-95B7-4E4A-87BA-8820358F5C32}.Debug|Any CPU.ActiveCfg = Debug|Any CPU
		{8F94E148-95B7-4E4A-87BA-8820358F5C32}.Debug|Any CPU.Build.0 = Debug|Any CPU
		{8F94E148-95B7-4E4A-87BA-8820358F5C32}.Release|Any CPU.ActiveCfg = Release|Any CPU
		{8F94E148-95B7-4E4A-87BA-8820358F5C32}.Release|Any CPU.Build.0 = Release|Any CPU
	EndGlobalSection
	GlobalSection(SolutionProperties) = preSolution
		HideSolutionNode = FALSE
	EndGlobalSection
	GlobalSection(NestedProjects) = preSolution
		{BCE86D87-A8D2-4CA6-8B8D-0C39581CDA1E} = {E8E21723-EBED-436E-88A9-9F3E00B826A4}
		{7757EB6E-048E-4290-9256-5A628B44A606} = {BCE86D87-A8D2-4CA6-8B8D-0C39581CDA1E}
		{13C8AAC5-4ECB-4177-AA5D-2368262D9B8B} = {1E8AD8EF-ED5C-4BF3-8C76-1459B3EBE30B}
		{1E8ADA5C-AF82-48AE-B35B-4A8585250CF0} = {E8E21723-EBED-436E-88A9-9F3E00B826A4}
		{E9BC639C-8347-4E84-9D32-27E1E8D47136} = {1E8ADA5C-AF82-48AE-B35B-4A8585250CF0}
		{2A2082CF-029C-43AC-83D4-891687FA629E} = {E8E21723-EBED-436E-88A9-9F3E00B826A4}
		{A022D7CD-E262-4A90-9D10-86D1E61724C3} = {2A2082CF-029C-43AC-83D4-891687FA629E}
		{6E429983-6894-4B5B-8514-EABB656C0F53} = {E8E21723-EBED-436E-88A9-9F3E00B826A4}
		{7D162F0F-C319-4DE0-B07A-5218285FDAA2} = {6E429983-6894-4B5B-8514-EABB656C0F53}
		{1895E870-0125-41A7-B7E2-149E177104D9} = {6E429983-6894-4B5B-8514-EABB656C0F53}
		{EC328610-5DF6-47E9-8A13-A9CF90F5F514} = {6E429983-6894-4B5B-8514-EABB656C0F53}
		{FAA34F8A-707B-4225-A53D-BD6BF9A3A43D} = {6E429983-6894-4B5B-8514-EABB656C0F53}
		{372E5618-A997-42E6-85AB-6002A5687A6D} = {1E8AD8EF-ED5C-4BF3-8C76-1459B3EBE30B}
		{8F94E148-95B7-4E4A-87BA-8820358F5C32} = {45341B7D-7CB0-4D67-A837-D13C4929C3BC}
	EndGlobalSection
EndGlobal
