
Microsoft Visual Studio Solution File, Format Version 12.00
# Visual Studio Version 17
VisualStudioVersion = 17.12.35527.113
MinimumVisualStudioVersion = 10.0.40219.1
Project("{2150E333-8FDC-42A3-9474-1A3956D46DE8}") = "Services", "Services", "{E8E21723-EBED-436E-88A9-9F3E00B826A4}"
EndProject
Project("{2150E333-8FDC-42A3-9474-1A3956D46DE8}") = "Catalog", "Catalog", "{BCE86D87-A8D2-4CA6-8B8D-0C39581CDA1E}"
EndProject
Project("{FAE04EC0-301F-11D3-BF4B-00C04F79EFBC}") = "Catalog.API", "Services\Catalog\Catalog.API\Catalog.API.csproj", "{7757EB6E-048E-4290-9256-5A628B44A606}"
EndProject
Project("{2150E333-8FDC-42A3-9474-1A3956D46DE8}") = "Building Blocks", "Building Blocks", "{1E8AD8EF-ED5C-4BF3-8C76-1459B3EBE30B}"
EndProject
Project("{FAE04EC0-301F-11D3-BF4B-00C04F79EFBC}") = "BuildingBlocks", "Building Blocks\BuildingBlocks\BuildingBlocks.csproj", "{13C8AAC5-4ECB-4177-AA5D-2368262D9B8B}"
EndProject
Project("{E53339B2-1760-4266-BCC7-CA923CBCF16C}") = "docker-compose", "docker-compose.dcproj", "{30562759-145E-44E6-B401-0D17C80D7F66}"
EndProject
Global
	GlobalSection(SolutionConfigurationPlatforms) = preSolution
		Debug|Any CPU = Debug|Any CPU
		Release|Any CPU = Release|Any CPU
	EndGlobalSection
	GlobalSection(ProjectConfigurationPlatforms) = postSolution
		{7757EB6E-048E-4290-9256-5A628B44A606}.Debug|Any CPU.ActiveCfg = Debug|Any CPU
		{7757EB6E-048E-4290-9256-5A628B44A606}.Debug|Any CPU.Build.0 = Debug|Any CPU
		{7757EB6E-048E-4290-9256-5A628B44A606}.Release|Any CPU.ActiveCfg = Release|Any CPU
		{7757EB6E-048E-4290-9256-5A628B44A606}.Release|Any CPU.Build.0 = Release|Any CPU
		{13C8AAC5-4ECB-4177-AA5D-2368262D9B8B}.Debug|Any CPU.ActiveCfg = Debug|Any CPU
		{13C8AAC5-4ECB-4177-AA5D-2368262D9B8B}.Debug|Any CPU.Build.0 = Debug|Any CPU
		{13C8AAC5-4ECB-4177-AA5D-2368262D9B8B}.Release|Any CPU.ActiveCfg = Release|Any CPU
		{13C8AAC5-4ECB-4177-AA5D-2368262D9B8B}.Release|Any CPU.Build.0 = Release|Any CPU
		{30562759-145E-44E6-B401-0D17C80D7F66}.Debug|Any CPU.ActiveCfg = Debug|Any CPU
		{30562759-145E-44E6-B401-0D17C80D7F66}.Debug|Any CPU.Build.0 = Debug|Any CPU
		{30562759-145E-44E6-B401-0D17C80D7F66}.Release|Any CPU.ActiveCfg = Release|Any CPU
		{30562759-145E-44E6-B401-0D17C80D7F66}.Release|Any CPU.Build.0 = Release|Any CPU
	EndGlobalSection
	GlobalSection(SolutionProperties) = preSolution
		HideSolutionNode = FALSE
	EndGlobalSection
	GlobalSection(NestedProjects) = preSolution
		{BCE86D87-A8D2-4CA6-8B8D-0C39581CDA1E} = {E8E21723-EBED-436E-88A9-9F3E00B826A4}
		{7757EB6E-048E-4290-9256-5A628B44A606} = {BCE86D87-A8D2-4CA6-8B8D-0C39581CDA1E}
		{13C8AAC5-4ECB-4177-AA5D-2368262D9B8B} = {1E8AD8EF-ED5C-4BF3-8C76-1459B3EBE30B}
	EndGlobalSection
EndGlobal
